// !$*UTF8*$!
{
	archiveVersion = 1;
	classes = {
	};
	objectVersion = 77;
	objects = {

/* Begin PBXBuildFile section */
		C1E9F1332E765A510066D492 /* FirebaseAuth in Frameworks */ = {isa = PBXBuildFile; productRef = C1E9F1322E765A510066D492 /* FirebaseAuth */; };
		C1E9F1352E765A510066D492 /* FirebaseCore in Frameworks */ = {isa = PBXBuildFile; productRef = C1E9F1342E765A510066D492 /* FirebaseCore */; };
		C1E9F1372E765A510066D492 /* FirebaseFirestore in Frameworks */ = {isa = PBXBuildFile; productRef = C1E9F1362E765A510066D492 /* FirebaseFirestore */; };
/* End PBXBuildFile section */

/* Begin PBXContainerItemProxy section */
		C1E9F1142E7659C90066D492 /* PBXContainerItemProxy */ = {
			isa = PBXContainerItemProxy;
			containerPortal = C1E9F0F22E7659C80066D492 /* Project object */;
			proxyType = 1;
			remoteGlobalIDString = C1E9F0F92E7659C80066D492;
			remoteInfo = TripSync;
		};
		C1E9F11E2E7659C90066D492 /* PBXContainerItemProxy */ = {
			isa = PBXContainerItemProxy;
			containerPortal = C1E9F0F22E7659C80066D492 /* Project object */;
			proxyType = 1;
			remoteGlobalIDString = C1E9F0F92E7659C80066D492;
			remoteInfo = TripSync;
		};
/* End PBXContainerItemProxy section */

/* Begin PBXFileReference section */
		C1E9F0FA2E7659C80066D492 /* TripSync.app */ = {isa = PBXFileReference; explicitFileType = wrapper.application; includeInIndex = 0; path = TripSync.app; sourceTree = BUILT_PRODUCTS_DIR; };
		C1E9F1132E7659C90066D492 /* TripSyncTests.xctest */ = {isa = PBXFileReference; explicitFileType = wrapper.cfbundle; includeInIndex = 0; path = TripSyncTests.xctest; sourceTree = BUILT_PRODUCTS_DIR; };
		C1E9F11D2E7659C90066D492 /* TripSyncUITests.xctest */ = {isa = PBXFileReference; explicitFileType = wrapper.cfbundle; includeInIndex = 0; path = TripSyncUITests.xctest; sourceTree = BUILT_PRODUCTS_DIR; };
/* End PBXFileReference section */

/* Begin PBXFileSystemSynchronizedBuildFileExceptionSet section */
		C1E9F1252E7659C90066D492 /* Exceptions for "TripSync" folder in "TripSync" target */ = {
			isa = PBXFileSystemSynchronizedBuildFileExceptionSet;
			membershipExceptions = (
				Info.plist,
			);
			target = C1E9F0F92E7659C80066D492 /* TripSync */;
		};
/* End PBXFileSystemSynchronizedBuildFileExceptionSet section */

/* Begin PBXFileSystemSynchronizedRootGroup section */
		C1E9F0FC2E7659C80066D492 /* TripSync */ = {
			isa = PBXFileSystemSynchronizedRootGroup;
			exceptions = (
				C1E9F1252E7659C90066D492 /* Exceptions for "TripSync" folder in "TripSync" target */,
			);
			path = TripSync;
			sourceTree = "<group>";
		};
		C1E9F1162E7659C90066D492 /* TripSyncTests */ = {
			isa = PBXFileSystemSynchronizedRootGroup;
			path = TripSyncTests;
			sourceTree = "<group>";
		};
		C1E9F1202E7659C90066D492 /* TripSyncUITests */ = {
			isa = PBXFileSystemSynchronizedRootGroup;
			path = TripSyncUITests;
			sourceTree = "<group>";
		};
/* End PBXFileSystemSynchronizedRootGroup section */

/* Begin PBXFrameworksBuildPhase section */
		C1E9F0F72E7659C80066D492 /* Frameworks */ = {
			isa = PBXFrameworksBuildPhase;
			buildActionMask = 2147483647;
			files = (
				C1E9F1352E765A510066D492 /* FirebaseCore in Frameworks */,
				C1E9F1332E765A510066D492 /* FirebaseAuth in Frameworks */,
				C1E9F1372E765A510066D492 /* FirebaseFirestore in Frameworks */,
			);
			runOnlyForDeploymentPostprocessing = 0;
		};
		C1E9F1102E7659C90066D492 /* Frameworks */ = {
			isa = PBXFrameworksBuildPhase;
			buildActionMask = 2147483647;
			files = (
			);
			runOnlyForDeploymentPostprocessing = 0;
		};
		C1E9F11A2E7659C90066D492 /* Frameworks */ = {
			isa = PBXFrameworksBuildPhase;
			buildActionMask = 2147483647;
			files = (
			);
			runOnlyForDeploymentPostprocessing = 0;
		};
/* End PBXFrameworksBuildPhase section */

/* Begin PBXGroup section */
		C1E9F0F12E7659C80066D492 = {
			isa = PBXGroup;
			children = (
				C1E9F0FC2E7659C80066D492 /* TripSync */,
				C1E9F1162E7659C90066D492 /* TripSyncTests */,
				C1E9F1202E7659C90066D492 /* TripSyncUITests */,
				C1E9F0FB2E7659C80066D492 /* Products */,
			);
			sourceTree = "<group>";
		};
		C1E9F0FB2E7659C80066D492 /* Products */ = {
			isa = PBXGroup;
			children = (
				C1E9F0FA2E7659C80066D492 /* TripSync.app */,
				C1E9F1132E7659C90066D492 /* TripSyncTests.xctest */,
				C1E9F11D2E7659C90066D492 /* TripSyncUITests.xctest */,
			);
			name = Products;
			sourceTree = "<group>";
		};
/* End PBXGroup section */

/* Begin PBXNativeTarget section */
		C1E9F0F92E7659C80066D492 /* TripSync */ = {
			isa = PBXNativeTarget;
			buildConfigurationList = C1E9F1262E7659C90066D492 /* Build configuration list for PBXNativeTarget "TripSync" */;
			buildPhases = (
				C1E9F0F62E7659C80066D492 /* Sources */,
				C1E9F0F72E7659C80066D492 /* Frameworks */,
				C1E9F0F82E7659C80066D492 /* Resources */,
			);
			buildRules = (
			);
			dependencies = (
			);
			fileSystemSynchronizedGroups = (
				C1E9F0FC2E7659C80066D492 /* TripSync */,
			);
			name = TripSync;
			packageProductDependencies = (
				C1E9F1322E765A510066D492 /* FirebaseAuth */,
				C1E9F1342E765A510066D492 /* FirebaseCore */,
				C1E9F1362E765A510066D492 /* FirebaseFirestore */,
			);
			productName = TripSync;
			productReference = C1E9F0FA2E7659C80066D492 /* TripSync.app */;
			productType = "com.apple.product-type.application";
		};
		C1E9F1122E7659C90066D492 /* TripSyncTests */ = {
			isa = PBXNativeTarget;
			buildConfigurationList = C1E9F12B2E7659C90066D492 /* Build configuration list for PBXNativeTarget "TripSyncTests" */;
			buildPhases = (
				C1E9F10F2E7659C90066D492 /* Sources */,
				C1E9F1102E7659C90066D492 /* Frameworks */,
				C1E9F1112E7659C90066D492 /* Resources */,
			);
			buildRules = (
			);
			dependencies = (
				C1E9F1152E7659C90066D492 /* PBXTargetDependency */,
			);
			fileSystemSynchronizedGroups = (
				C1E9F1162E7659C90066D492 /* TripSyncTests */,
			);
			name = TripSyncTests;
			packageProductDependencies = (
			);
			productName = TripSyncTests;
			productReference = C1E9F1132E7659C90066D492 /* TripSyncTests.xctest */;
			productType = "com.apple.product-type.bundle.unit-test";
		};
		C1E9F11C2E7659C90066D492 /* TripSyncUITests */ = {
			isa = PBXNativeTarget;
			buildConfigurationList = C1E9F12E2E7659C90066D492 /* Build configuration list for PBXNativeTarget "TripSyncUITests" */;
			buildPhases = (
				C1E9F1192E7659C90066D492 /* Sources */,
				C1E9F11A2E7659C90066D492 /* Frameworks */,
				C1E9F11B2E7659C90066D492 /* Resources */,
			);
			buildRules = (
			);
			dependencies = (
				C1E9F11F2E7659C90066D492 /* PBXTargetDependency */,
			);
			fileSystemSynchronizedGroups = (
				C1E9F1202E7659C90066D492 /* TripSyncUITests */,
			);
			name = TripSyncUITests;
			packageProductDependencies = (
			);
			productName = TripSyncUITests;
			productReference = C1E9F11D2E7659C90066D492 /* TripSyncUITests.xctest */;
			productType = "com.apple.product-type.bundle.ui-testing";
		};
/* End PBXNativeTarget section */

/* Begin PBXProject section */
		C1E9F0F22E7659C80066D492 /* Project object */ = {
			isa = PBXProject;
			attributes = {
				BuildIndependentTargetsInParallel = 1;
				LastSwiftUpdateCheck = 1640;
				LastUpgradeCheck = 1640;
				TargetAttributes = {
					C1E9F0F92E7659C80066D492 = {
						CreatedOnToolsVersion = 16.4;
					};
					C1E9F1122E7659C90066D492 = {
						CreatedOnToolsVersion = 16.4;
						TestTargetID = C1E9F0F92E7659C80066D492;
					};
					C1E9F11C2E7659C90066D492 = {
						CreatedOnToolsVersion = 16.4;
						TestTargetID = C1E9F0F92E7659C80066D492;
					};
				};
			};
			buildConfigurationList = C1E9F0F52E7659C80066D492 /* Build configuration list for PBXProject "TripSync" */;
			developmentRegion = en;
			hasScannedForEncodings = 0;
			knownRegions = (
				en,
				Base,
			);
			mainGroup = C1E9F0F12E7659C80066D492;
			minimizedProjectReferenceProxies = 1;
			packageReferences = (
				C1E9F1312E765A510066D492 /* XCRemoteSwiftPackageReference "firebase-ios-sdk" */,
			);
			preferredProjectObjectVersion = 77;
			productRefGroup = C1E9F0FB2E7659C80066D492 /* Products */;
			projectDirPath = "";
			projectRoot = "";
			targets = (
				C1E9F0F92E7659C80066D492 /* TripSync */,
				C1E9F1122E7659C90066D492 /* TripSyncTests */,
				C1E9F11C2E7659C90066D492 /* TripSyncUITests */,
			);
		};
/* End PBXProject section */

/* Begin PBXResourcesBuildPhase section */
		C1E9F0F82E7659C80066D492 /* Resources */ = {
			isa = PBXResourcesBuildPhase;
			buildActionMask = 2147483647;
			files = (
			);
			runOnlyForDeploymentPostprocessing = 0;
		};
		C1E9F1112E7659C90066D492 /* Resources */ = {
			isa = PBXResourcesBuildPhase;
			buildActionMask = 2147483647;
			files = (
			);
			runOnlyForDeploymentPostprocessing = 0;
		};
		C1E9F11B2E7659C90066D492 /* Resources */ = {
			isa = PBXResourcesBuildPhase;
			buildActionMask = 2147483647;
			files = (
			);
			runOnlyForDeploymentPostprocessing = 0;
		};
/* End PBXResourcesBuildPhase section */

/* Begin PBXSourcesBuildPhase section */
		C1E9F0F62E7659C80066D492 /* Sources */ = {
			isa = PBXSourcesBuildPhase;
			buildActionMask = 2147483647;
			files = (
			);
			runOnlyForDeploymentPostprocessing = 0;
		};
		C1E9F10F2E7659C90066D492 /* Sources */ = {
			isa = PBXSourcesBuildPhase;
			buildActionMask = 2147483647;
			files = (
			);
			runOnlyForDeploymentPostprocessing = 0;
		};
		C1E9F1192E7659C90066D492 /* Sources */ = {
			isa = PBXSourcesBuildPhase;
			buildActionMask = 2147483647;
			files = (
			);
			runOnlyForDeploymentPostprocessing = 0;
		};
/* End PBXSourcesBuildPhase section */

/* Begin PBXTargetDependency section */
		C1E9F1152E7659C90066D492 /* PBXTargetDependency */ = {
			isa = PBXTargetDependency;
			target = C1E9F0F92E7659C80066D492 /* TripSync */;
			targetProxy = C1E9F1142E7659C90066D492 /* PBXContainerItemProxy */;
		};
		C1E9F11F2E7659C90066D492 /* PBXTargetDependency */ = {
			isa = PBXTargetDependency;
			target = C1E9F0F92E7659C80066D492 /* TripSync */;
			targetProxy = C1E9F11E2E7659C90066D492 /* PBXContainerItemProxy */;
		};
/* End PBXTargetDependency section */

/* Begin XCBuildConfiguration section */
		C1E9F1272E7659C90066D492 /* Debug */ = {
			isa = XCBuildConfiguration;
			buildSettings = {
				ASSETCATALOG_COMPILER_APPICON_NAME = AppIcon;
				ASSETCATALOG_COMPILER_GLOBAL_ACCENT_COLOR_NAME = AccentColor;
				CODE_SIGN_STYLE = Automatic;
				CURRENT_PROJECT_VERSION = 1;
				GENERATE_INFOPLIST_FILE = YES;
				INFOPLIST_FILE = TripSync/Info.plist;
				INFOPLIST_KEY_UIApplicationSupportsIndirectInputEvents = YES;
				INFOPLIST_KEY_UILaunchStoryboardName = LaunchScreen;
				INFOPLIST_KEY_UIMainStoryboardFile = Main;
				INFOPLIST_KEY_UISupportedInterfaceOrientations_iPad = "UIInterfaceOrientationPortrait UIInterfaceOrientationPortraitUpsideDown UIInterfaceOrientationLandscapeLeft UIInterfaceOrientationLandscapeRight";
				INFOPLIST_KEY_UISupportedInterfaceOrientations_iPhone = "UIInterfaceOrientationPortrait UIInterfaceOrientationLandscapeLeft UIInterfaceOrientationLandscapeRight";
				LD_RUNPATH_SEARCH_PATHS = (
					"$(inherited)",
					"@executable_path/Frameworks",
				);
				MARKETING_VERSION = 1.0;
				PRODUCT_BUNDLE_IDENTIFIER = ptn.TripSync;
				PRODUCT_NAME = "$(TARGET_NAME)";
				SWIFT_EMIT_LOC_STRINGS = YES;
				SWIFT_VERSION = 5.0;
				TARGETED_DEVICE_FAMILY = "1,2";
			};
			name = Debug;
		};
		C1E9F1282E7659C90066D492 /* Release */ = {
			isa = XCBuildConfiguration;
			buildSettings = {
				ASSETCATALOG_COMPILER_APPICON_NAME = AppIcon;
				ASSETCATALOG_COMPILER_GLOBAL_ACCENT_COLOR_NAME = AccentColor;
				CODE_SIGN_STYLE = Automatic;
				CURRENT_PROJECT_VERSION = 1;
				GENERATE_INFOPLIST_FILE = YES;
				INFOPLIST_FILE = TripSync/Info.plist;
				INFOPLIST_KEY_UIApplicationSupportsIndirectInputEvents = YES;
				INFOPLIST_KEY_UILaunchStoryboardName = LaunchScreen;
				INFOPLIST_KEY_UIMainStoryboardFile = Main;
				INFOPLIST_KEY_UISupportedInterfaceOrientations_iPad = "UIInterfaceOrientationPortrait UIInterfaceOrientationPortraitUpsideDown UIInterfaceOrientationLandscapeLeft UIInterfaceOrientationLandscapeRight";
				INFOPLIST_KEY_UISupportedInterfaceOrientations_iPhone = "UIInterfaceOrientationPortrait UIInterfaceOrientationLandscapeLeft UIInterfaceOrientationLandscapeRight";
				LD_RUNPATH_SEARCH_PATHS = (
					"$(inherited)",
					"@executable_path/Frameworks",
				);
				MARKETING_VERSION = 1.0;
				PRODUCT_BUNDLE_IDENTIFIER = ptn.TripSync;
				PRODUCT_NAME = "$(TARGET_NAME)";
				SWIFT_EMIT_LOC_STRINGS = YES;
				SWIFT_VERSION = 5.0;
				TARGETED_DEVICE_FAMILY = "1,2";
			};
			name = Release;
		};
		C1E9F1292E7659C90066D492 /* Debug */ = {
			isa = XCBuildConfiguration;
			buildSettings = {
				ALWAYS_SEARCH_USER_PATHS = NO;
				ASSETCATALOG_COMPILER_GENERATE_SWIFT_ASSET_SYMBOL_EXTENSIONS = YES;
				CLANG_ANALYZER_NONNULL = YES;
				CLANG_ANALYZER_NUMBER_OBJECT_CONVERSION = YES_AGGRESSIVE;
				CLANG_CXX_LANGUAGE_STANDARD = "gnu++20";
				CLANG_ENABLE_MODULES = YES;
				CLANG_ENABLE_OBJC_ARC = YES;
				CLANG_ENABLE_OBJC_WEAK = YES;
				CLANG_WARN_BLOCK_CAPTURE_AUTORELEASING = YES;
				CLANG_WARN_BOOL_CONVERSION = YES;
				CLANG_WARN_COMMA = YES;
				CLANG_WARN_CONSTANT_CONVERSION = YES;
				CLANG_WARN_DEPRECATED_OBJC_IMPLEMENTATIONS = YES;
				CLANG_WARN_DIRECT_OBJC_ISA_USAGE = YES_ERROR;
				CLANG_WARN_DOCUMENTATION_COMMENTS = YES;
				CLANG_WARN_EMPTY_BODY = YES;
				CLANG_WARN_ENUM_CONVERSION = YES;
				CLANG_WARN_INFINITE_RECURSION = YES;
				CLANG_WARN_INT_CONVERSION = YES;
				CLANG_WARN_NON_LITERAL_NULL_CONVERSION = YES;
				CLANG_WARN_OBJC_IMPLICIT_RETAIN_SELF = YES;
				CLANG_WARN_OBJC_LITERAL_CONVERSION = YES;
				CLANG_WARN_OBJC_ROOT_CLASS = YES_ERROR;
				CLANG_WARN_QUOTED_INCLUDE_IN_FRAMEWORK_HEADER = YES;
				CLANG_WARN_RANGE_LOOP_ANALYSIS = YES;
				CLANG_WARN_STRICT_PROTOTYPES = YES;
				CLANG_WARN_SUSPICIOUS_MOVE = YES;
				CLANG_WARN_UNGUARDED_AVAILABILITY = YES_AGGRESSIVE;
				CLANG_WARN_UNREACHABLE_CODE = YES;
				CLANG_WARN__DUPLICATE_METHOD_MATCH = YES;
				COPY_PHASE_STRIP = NO;
				DEBUG_INFORMATION_FORMAT = dwarf;
				ENABLE_STRICT_OBJC_MSGSEND = YES;
				ENABLE_TESTABILITY = YES;
				ENABLE_USER_SCRIPT_SANDBOXING = YES;
				GCC_C_LANGUAGE_STANDARD = gnu17;
				GCC_DYNAMIC_NO_PIC = NO;
				GCC_NO_COMMON_BLOCKS = YES;
				GCC_OPTIMIZATION_LEVEL = 0;
				GCC_PREPROCESSOR_DEFINITIONS = (
					"DEBUG=1",
					"$(inherited)",
				);
				GCC_WARN_64_TO_32_BIT_CONVERSION = YES;
				GCC_WARN_ABOUT_RETURN_TYPE = YES_ERROR;
				GCC_WARN_UNDECLARED_SELECTOR = YES;
				GCC_WARN_UNINITIALIZED_AUTOS = YES_AGGRESSIVE;
				GCC_WARN_UNUSED_FUNCTION = YES;
				GCC_WARN_UNUSED_VARIABLE = YES;
				IPHONEOS_DEPLOYMENT_TARGET = 18.5;
				LOCALIZATION_PREFERS_STRING_CATALOGS = YES;
				MTL_ENABLE_DEBUG_INFO = INCLUDE_SOURCE;
				MTL_FAST_MATH = YES;
				ONLY_ACTIVE_ARCH = YES;
				SDKROOT = iphoneos;
				SWIFT_ACTIVE_COMPILATION_CONDITIONS = "DEBUG $(inherited)";
				SWIFT_OPTIMIZATION_LEVEL = "-Onone";
			};
			name = Debug;
		};
		C1E9F12A2E7659C90066D492 /* Release */ = {
			isa = XCBuildConfiguration;
			buildSettings = {
				ALWAYS_SEARCH_USER_PATHS = NO;
				ASSETCATALOG_COMPILER_GENERATE_SWIFT_ASSET_SYMBOL_EXTENSIONS = YES;
				CLANG_ANALYZER_NONNULL = YES;
				CLANG_ANALYZER_NUMBER_OBJECT_CONVERSION = YES_AGGRESSIVE;
				CLANG_CXX_LANGUAGE_STANDARD = "gnu++20";
				CLANG_ENABLE_MODULES = YES;
				CLANG_ENABLE_OBJC_ARC = YES;
				CLANG_ENABLE_OBJC_WEAK = YES;
				CLANG_WARN_BLOCK_CAPTURE_AUTORELEASING = YES;
				CLANG_WARN_BOOL_CONVERSION = YES;
				CLANG_WARN_COMMA = YES;
				CLANG_WARN_CONSTANT_CONVERSION = YES;
				CLANG_WARN_DEPRECATED_OBJC_IMPLEMENTATIONS = YES;
				CLANG_WARN_DIRECT_OBJC_ISA_USAGE = YES_ERROR;
				CLANG_WARN_DOCUMENTATION_COMMENTS = YES;
				CLANG_WARN_EMPTY_BODY = YES;
				CLANG_WARN_ENUM_CONVERSION = YES;
				CLANG_WARN_INFINITE_RECURSION = YES;
				CLANG_WARN_INT_CONVERSION = YES;
				CLANG_WARN_NON_LITERAL_NULL_CONVERSION = YES;
				CLANG_WARN_OBJC_IMPLICIT_RETAIN_SELF = YES;
				CLANG_WARN_OBJC_LITERAL_CONVERSION = YES;
				CLANG_WARN_OBJC_ROOT_CLASS = YES_ERROR;
				CLANG_WARN_QUOTED_INCLUDE_IN_FRAMEWORK_HEADER = YES;
				CLANG_WARN_RANGE_LOOP_ANALYSIS = YES;
				CLANG_WARN_STRICT_PROTOTYPES = YES;
				CLANG_WARN_SUSPICIOUS_MOVE = YES;
				CLANG_WARN_UNGUARDED_AVAILABILITY = YES_AGGRESSIVE;
				CLANG_WARN_UNREACHABLE_CODE = YES;
				CLANG_WARN__DUPLICATE_METHOD_MATCH = YES;
				COPY_PHASE_STRIP = NO;
				DEBUG_INFORMATION_FORMAT = "dwarf-with-dsym";
				ENABLE_NS_ASSERTIONS = NO;
				ENABLE_STRICT_OBJC_MSGSEND = YES;
				ENABLE_USER_SCRIPT_SANDBOXING = YES;
				GCC_C_LANGUAGE_STANDARD = gnu17;
				GCC_NO_COMMON_BLOCKS = YES;
				GCC_WARN_64_TO_32_BIT_CONVERSION = YES;
				GCC_WARN_ABOUT_RETURN_TYPE = YES_ERROR;
				GCC_WARN_UNDECLARED_SELECTOR = YES;
				GCC_WARN_UNINITIALIZED_AUTOS = YES_AGGRESSIVE;
				GCC_WARN_UNUSED_FUNCTION = YES;
				GCC_WARN_UNUSED_VARIABLE = YES;
				IPHONEOS_DEPLOYMENT_TARGET = 18.5;
				LOCALIZATION_PREFERS_STRING_CATALOGS = YES;
				MTL_ENABLE_DEBUG_INFO = NO;
				MTL_FAST_MATH = YES;
				SDKROOT = iphoneos;
				SWIFT_COMPILATION_MODE = wholemodule;
				VALIDATE_PRODUCT = YES;
			};
			name = Release;
		};
		C1E9F12C2E7659C90066D492 /* Debug */ = {
			isa = XCBuildConfiguration;
			buildSettings = {
				BUNDLE_LOADER = "$(TEST_HOST)";
				CODE_SIGN_STYLE = Automatic;
				CURRENT_PROJECT_VERSION = 1;
				GENERATE_INFOPLIST_FILE = YES;
				IPHONEOS_DEPLOYMENT_TARGET = 18.5;
				MARKETING_VERSION = 1.0;
				PRODUCT_BUNDLE_IDENTIFIER = ptn.TripSyncTests;
				PRODUCT_NAME = "$(TARGET_NAME)";
				SWIFT_EMIT_LOC_STRINGS = NO;
				SWIFT_VERSION = 5.0;
				TARGETED_DEVICE_FAMILY = "1,2";
				TEST_HOST = "$(BUILT_PRODUCTS_DIR)/TripSync.app/$(BUNDLE_EXECUTABLE_FOLDER_PATH)/TripSync";
			};
			name = Debug;
		};
		C1E9F12D2E7659C90066D492 /* Release */ = {
			isa = XCBuildConfiguration;
			buildSettings = {
				BUNDLE_LOADER = "$(TEST_HOST)";
				CODE_SIGN_STYLE = Automatic;
				CURRENT_PROJECT_VERSION = 1;
				GENERATE_INFOPLIST_FILE = YES;
				IPHONEOS_DEPLOYMENT_TARGET = 18.5;
				MARKETING_VERSION = 1.0;
				PRODUCT_BUNDLE_IDENTIFIER = ptn.TripSyncTests;
				PRODUCT_NAME = "$(TARGET_NAME)";
				SWIFT_EMIT_LOC_STRINGS = NO;
				SWIFT_VERSION = 5.0;
				TARGETED_DEVICE_FAMILY = "1,2";
				TEST_HOST = "$(BUILT_PRODUCTS_DIR)/TripSync.app/$(BUNDLE_EXECUTABLE_FOLDER_PATH)/TripSync";
			};
			name = Release;
		};
		C1E9F12F2E7659C90066D492 /* Debug */ = {
			isa = XCBuildConfiguration;
			buildSettings = {
				CODE_SIGN_STYLE = Automatic;
				CURRENT_PROJECT_VERSION = 1;
				GENERATE_INFOPLIST_FILE = YES;
				MARKETING_VERSION = 1.0;
				PRODUCT_BUNDLE_IDENTIFIER = ptn.TripSyncUITests;
				PRODUCT_NAME = "$(TARGET_NAME)";
				SWIFT_EMIT_LOC_STRINGS = NO;
				SWIFT_VERSION = 5.0;
				TARGETED_DEVICE_FAMILY = "1,2";
				TEST_TARGET_NAME = TripSync;
			};
			name = Debug;
		};
		C1E9F1302E7659C90066D492 /* Release */ = {
			isa = XCBuildConfiguration;
			buildSettings = {
				CODE_SIGN_STYLE = Automatic;
				CURRENT_PROJECT_VERSION = 1;
				GENERATE_INFOPLIST_FILE = YES;
				MARKETING_VERSION = 1.0;
				PRODUCT_BUNDLE_IDENTIFIER = ptn.TripSyncUITests;
				PRODUCT_NAME = "$(TARGET_NAME)";
				SWIFT_EMIT_LOC_STRINGS = NO;
				SWIFT_VERSION = 5.0;
				TARGETED_DEVICE_FAMILY = "1,2";
				TEST_TARGET_NAME = TripSync;
			};
			name = Release;
		};
/* End XCBuildConfiguration section */

/* Begin XCConfigurationList section */
		C1E9F0F52E7659C80066D492 /* Build configuration list for PBXProject "TripSync" */ = {
			isa = XCConfigurationList;
			buildConfigurations = (
				C1E9F1292E7659C90066D492 /* Debug */,
				C1E9F12A2E7659C90066D492 /* Release */,
			);
			defaultConfigurationIsVisible = 0;
			defaultConfigurationName = Release;
		};
		C1E9F1262E7659C90066D492 /* Build configuration list for PBXNativeTarget "TripSync" */ = {
			isa = XCConfigurationList;
			buildConfigurations = (
				C1E9F1272E7659C90066D492 /* Debug */,
				C1E9F1282E7659C90066D492 /* Release */,
			);
			defaultConfigurationIsVisible = 0;
			defaultConfigurationName = Release;
		};
		C1E9F12B2E7659C90066D492 /* Build configuration list for PBXNativeTarget "TripSyncTests" */ = {
			isa = XCConfigurationList;
			buildConfigurations = (
				C1E9F12C2E7659C90066D492 /* Debug */,
				C1E9F12D2E7659C90066D492 /* Release */,
			);
			defaultConfigurationIsVisible = 0;
			defaultConfigurationName = Release;
		};
		C1E9F12E2E7659C90066D492 /* Build configuration list for PBXNativeTarget "TripSyncUITests" */ = {
			isa = XCConfigurationList;
			buildConfigurations = (
				C1E9F12F2E7659C90066D492 /* Debug */,
				C1E9F1302E7659C90066D492 /* Release */,
			);
			defaultConfigurationIsVisible = 0;
			defaultConfigurationName = Release;
		};
/* End XCConfigurationList section */

/* Begin XCRemoteSwiftPackageReference section */
		C1E9F1312E765A510066D492 /* XCRemoteSwiftPackageReference "firebase-ios-sdk" */ = {
			isa = XCRemoteSwiftPackageReference;
			repositoryURL = "https://github.com/firebase/firebase-ios-sdk.git";
			requirement = {
				kind = upToNextMajorVersion;
				minimumVersion = 12.2.0;
			};
		};
/* End XCRemoteSwiftPackageReference section */

/* Begin XCSwiftPackageProductDependency section */
		C1E9F1322E765A510066D492 /* FirebaseAuth */ = {
			isa = XCSwiftPackageProductDependency;
			package = C1E9F1312E765A510066D492 /* XCRemoteSwiftPackageReference "firebase-ios-sdk" */;
			productName = FirebaseAuth;
		};
		C1E9F1342E765A510066D492 /* FirebaseCore */ = {
			isa = XCSwiftPackageProductDependency;
			package = C1E9F1312E765A510066D492 /* XCRemoteSwiftPackageReference "firebase-ios-sdk" */;
			productName = FirebaseCore;
		};
		C1E9F1362E765A510066D492 /* FirebaseFirestore */ = {
			isa = XCSwiftPackageProductDependency;
			package = C1E9F1312E765A510066D492 /* XCRemoteSwiftPackageReference "firebase-ios-sdk" */;
			productName = FirebaseFirestore;
		};
/* End XCSwiftPackageProductDependency section */
	};
	rootObject = C1E9F0F22E7659C80066D492 /* Project object */;
}
